
Microsoft Visual Studio Solution File, Format Version 12.00
# Visual Studio Version 17
VisualStudioVersion = 17.2.32630.192
MinimumVisualStudioVersion = 10.0.40219.1
Project("{9A19103F-16F7-4668-BE54-9A1E7A4F7556}") = "API", "API\API.csproj", "{965BE1FD-069F-4790-A797-8FD6903A0C0B}"
EndProject
Project("{9A19103F-16F7-4668-BE54-9A1E7A4F7556}") = "Entities", "Entities\Entities.csproj", "{93C4FFD8-2A6B-4B1E-B947-97CD99E4A1DF}"
EndProject
Project("{9A19103F-16F7-4668-BE54-9A1E7A4F7556}") = "DataAccess", "DataAccess\DataAccess.csproj", "{011EDFC7-369F-4811-8616-82F15D61242B}"
EndProject
Project("{FAE04EC0-301F-11D3-BF4B-00C04F79EFBC}") = "Domain", "Domain\Domain.csproj", "{B51DD4A5-5EAA-477C-821E-96F874B8E960}"
EndProject
Global
	GlobalSection(SolutionConfigurationPlatforms) = preSolution
		Debug|Any CPU = Debug|Any CPU
		Release|Any CPU = Release|Any CPU
	EndGlobalSection
	GlobalSection(ProjectConfigurationPlatforms) = postSolution
		{965BE1FD-069F-4790-A797-8FD6903A0C0B}.Debug|Any CPU.ActiveCfg = Debug|Any CPU
		{965BE1FD-069F-4790-A797-8FD6903A0C0B}.Debug|Any CPU.Build.0 = Debug|Any CPU
		{965BE1FD-069F-4790-A797-8FD6903A0C0B}.Release|Any CPU.ActiveCfg = Release|Any CPU
		{965BE1FD-069F-4790-A797-8FD6903A0C0B}.Release|Any CPU.Build.0 = Release|Any CPU
		{93C4FFD8-2A6B-4B1E-B947-97CD99E4A1DF}.Debug|Any CPU.ActiveCfg = Debug|Any CPU
		{93C4FFD8-2A6B-4B1E-B947-97CD99E4A1DF}.Debug|Any CPU.Build.0 = Debug|Any CPU
		{93C4FFD8-2A6B-4B1E-B947-97CD99E4A1DF}.Release|Any CPU.ActiveCfg = Release|Any CPU
		{93C4FFD8-2A6B-4B1E-B947-97CD99E4A1DF}.Release|Any CPU.Build.0 = Release|Any CPU
		{011EDFC7-369F-4811-8616-82F15D61242B}.Debug|Any CPU.ActiveCfg = Debug|Any CPU
		{011EDFC7-369F-4811-8616-82F15D61242B}.Debug|Any CPU.Build.0 = Debug|Any CPU
		{011EDFC7-369F-4811-8616-82F15D61242B}.Release|Any CPU.ActiveCfg = Release|Any CPU
		{011EDFC7-369F-4811-8616-82F15D61242B}.Release|Any CPU.Build.0 = Release|Any CPU
		{B51DD4A5-5EAA-477C-821E-96F874B8E960}.Debug|Any CPU.ActiveCfg = Debug|Any CPU
		{B51DD4A5-5EAA-477C-821E-96F874B8E960}.Debug|Any CPU.Build.0 = Debug|Any CPU
		{B51DD4A5-5EAA-477C-821E-96F874B8E960}.Release|Any CPU.ActiveCfg = Release|Any CPU
		{B51DD4A5-5EAA-477C-821E-96F874B8E960}.Release|Any CPU.Build.0 = Release|Any CPU
	EndGlobalSection
	GlobalSection(SolutionProperties) = preSolution
		HideSolutionNode = FALSE
	EndGlobalSection
	GlobalSection(ExtensibilityGlobals) = postSolution
		SolutionGuid = {8193D257-611F-443C-9D5A-1F41ACAC3041}
	EndGlobalSection
EndGlobal
